
Microsoft Visual Studio Solution File, Format Version 12.00
# Visual Studio Version 17
VisualStudioVersion = 17.11.35312.102
MinimumVisualStudioVersion = 10.0.40219.1
Project("{FAE04EC0-301F-11D3-BF4B-00C04F79EFBC}") = "selenium_basic", "selenium_basic.csproj", "{48270103-5D61-415A-A10D-846DBB02A11E}"
EndProject
Global
	GlobalSection(SolutionConfigurationPlatforms) = preSolution
		Debug|Any CPU = Debug|Any CPU
		Release|Any CPU = Release|Any CPU
	EndGlobalSection
	GlobalSection(ProjectConfigurationPlatforms) = postSolution
		{48270103-5D61-415A-A10D-846DBB02A11E}.Debug|Any CPU.ActiveCfg = Debug|Any CPU
		{48270103-5D61-415A-A10D-846DBB02A11E}.Debug|Any CPU.Build.0 = Debug|Any CPU
		{48270103-5D61-415A-A10D-846DBB02A11E}.Release|Any CPU.ActiveCfg = Release|Any CPU
		{48270103-5D61-415A-A10D-846DBB02A11E}.Release|Any CPU.Build.0 = Release|Any CPU
	EndGlobalSection
	GlobalSection(SolutionProperties) = preSolution
		HideSolutionNode = FALSE
	EndGlobalSection
	GlobalSection(ExtensibilityGlobals) = postSolution
		SolutionGuid = {2D49B41C-2291-4575-83EC-AAD9216BDC39}
	EndGlobalSection
EndGlobal
